// !$*UTF8*$!
{
	archiveVersion = 1;
	classes = {
	};
	objectVersion = 46;
	objects = {

/* Begin PBXBuildFile section */
		E90F7F9E1D19A1BF00296D9B /* AppDelegate.swift in Sources */ = {isa = PBXBuildFile; fileRef = E90F7F9D1D19A1BF00296D9B /* AppDelegate.swift */; };
		E90F7FA01D19A1BF00296D9B /* RecordSoundsViewController.swift in Sources */ = {isa = PBXBuildFile; fileRef = E90F7F9F1D19A1BF00296D9B /* RecordSoundsViewController.swift */; };
		E90F7FA31D19A1BF00296D9B /* Main.storyboard in Resources */ = {isa = PBXBuildFile; fileRef = E90F7FA11D19A1BF00296D9B /* Main.storyboard */; };
		E90F7FA51D19A1BF00296D9B /* Images.xcassets in Resources */ = {isa = PBXBuildFile; fileRef = E90F7FA41D19A1BF00296D9B /* Images.xcassets */; };
		E90F7FA81D19A1BF00296D9B /* LaunchScreen.xib in Resources */ = {isa = PBXBuildFile; fileRef = E90F7FA61D19A1BF00296D9B /* LaunchScreen.xib */; };
		E90F7FB41D19A1BF00296D9B /* Pitch_PerfectTests.swift in Sources */ = {isa = PBXBuildFile; fileRef = E90F7FB31D19A1BF00296D9B /* Pitch_PerfectTests.swift */; };
		E99DBF161D1C7DE30094CB59 /* PlaySoundsViewController+Audio.swift in Sources */ = {isa = PBXBuildFile; fileRef = E99DBF151D1C7DE30094CB59 /* PlaySoundsViewController+Audio.swift */; };
		E9B7E05E1D1C4DC300549113 /* PlaySoundsViewController.swift in Sources */ = {isa = PBXBuildFile; fileRef = E9B7E05D1D1C4DC300549113 /* PlaySoundsViewController.swift */; };
/* End PBXBuildFile section */

/* Begin PBXContainerItemProxy section */
		E90F7FAE1D19A1BF00296D9B /* PBXContainerItemProxy */ = {
			isa = PBXContainerItemProxy;
			containerPortal = E90F7F901D19A1BF00296D9B /* Project object */;
			proxyType = 1;
			remoteGlobalIDString = E90F7F971D19A1BF00296D9B;
			remoteInfo = "Pitch Perfect";
		};
/* End PBXContainerItemProxy section */

/* Begin PBXFileReference section */
		E90F7F981D19A1BF00296D9B /* Pitch Perfect.app */ = {isa = PBXFileReference; explicitFileType = wrapper.application; includeInIndex = 0; path = "Pitch Perfect.app"; sourceTree = BUILT_PRODUCTS_DIR; };
		E90F7F9C1D19A1BF00296D9B /* Info.plist */ = {isa = PBXFileReference; lastKnownFileType = text.plist.xml; path = Info.plist; sourceTree = "<group>"; };
		E90F7F9D1D19A1BF00296D9B /* AppDelegate.swift */ = {isa = PBXFileReference; lastKnownFileType = sourcecode.swift; path = AppDelegate.swift; sourceTree = "<group>"; };
		E90F7F9F1D19A1BF00296D9B /* RecordSoundsViewController.swift */ = {isa = PBXFileReference; lastKnownFileType = sourcecode.swift; path = RecordSoundsViewController.swift; sourceTree = "<group>"; };
		E90F7FA21D19A1BF00296D9B /* Base */ = {isa = PBXFileReference; lastKnownFileType = file.storyboard; name = Base; path = Base.lproj/Main.storyboard; sourceTree = "<group>"; };
		E90F7FA41D19A1BF00296D9B /* Images.xcassets */ = {isa = PBXFileReference; lastKnownFileType = folder.assetcatalog; path = Images.xcassets; sourceTree = "<group>"; };
		E90F7FA71D19A1BF00296D9B /* Base */ = {isa = PBXFileReference; lastKnownFileType = file.xib; name = Base; path = Base.lproj/LaunchScreen.xib; sourceTree = "<group>"; };
		E90F7FAD1D19A1BF00296D9B /* Pitch PerfectTests.xctest */ = {isa = PBXFileReference; explicitFileType = wrapper.cfbundle; includeInIndex = 0; path = "Pitch PerfectTests.xctest"; sourceTree = BUILT_PRODUCTS_DIR; };
		E90F7FB21D19A1BF00296D9B /* Info.plist */ = {isa = PBXFileReference; lastKnownFileType = text.plist.xml; path = Info.plist; sourceTree = "<group>"; };
		E90F7FB31D19A1BF00296D9B /* Pitch_PerfectTests.swift */ = {isa = PBXFileReference; lastKnownFileType = sourcecode.swift; path = Pitch_PerfectTests.swift; sourceTree = "<group>"; };
		E99DBF151D1C7DE30094CB59 /* PlaySoundsViewController+Audio.swift */ = {isa = PBXFileReference; fileEncoding = 4; lastKnownFileType = sourcecode.swift; path = "PlaySoundsViewController+Audio.swift"; sourceTree = "<group>"; };
		E9B7E05D1D1C4DC300549113 /* PlaySoundsViewController.swift */ = {isa = PBXFileReference; fileEncoding = 4; lastKnownFileType = sourcecode.swift; path = PlaySoundsViewController.swift; sourceTree = "<group>"; };
/* End PBXFileReference section */

/* Begin PBXFrameworksBuildPhase section */
		E90F7F951D19A1BF00296D9B /* Frameworks */ = {
			isa = PBXFrameworksBuildPhase;
			buildActionMask = 2147483647;
			files = (
			);
			runOnlyForDeploymentPostprocessing = 0;
		};
		E90F7FAA1D19A1BF00296D9B /* Frameworks */ = {
			isa = PBXFrameworksBuildPhase;
			buildActionMask = 2147483647;
			files = (
			);
			runOnlyForDeploymentPostprocessing = 0;
		};
/* End PBXFrameworksBuildPhase section */

/* Begin PBXGroup section */
		E90F7F8F1D19A1BF00296D9B = {
			isa = PBXGroup;
			children = (
				E90F7F9A1D19A1BF00296D9B /* Pitch Perfect */,
				E90F7FB01D19A1BF00296D9B /* Pitch PerfectTests */,
				E90F7F991D19A1BF00296D9B /* Products */,
			);
			sourceTree = "<group>";
		};
		E90F7F991D19A1BF00296D9B /* Products */ = {
			isa = PBXGroup;
			children = (
				E90F7F981D19A1BF00296D9B /* Pitch Perfect.app */,
				E90F7FAD1D19A1BF00296D9B /* Pitch PerfectTests.xctest */,
			);
			name = Products;
			sourceTree = "<group>";
		};
		E90F7F9A1D19A1BF00296D9B /* Pitch Perfect */ = {
			isa = PBXGroup;
			children = (
				E90F7F9D1D19A1BF00296D9B /* AppDelegate.swift */,
				E90F7F9F1D19A1BF00296D9B /* RecordSoundsViewController.swift */,
				E9B7E05D1D1C4DC300549113 /* PlaySoundsViewController.swift */,
				E99DBF151D1C7DE30094CB59 /* PlaySoundsViewController+Audio.swift */,
				E90F7FA11D19A1BF00296D9B /* Main.storyboard */,
				E90F7FA41D19A1BF00296D9B /* Images.xcassets */,
				E90F7FA61D19A1BF00296D9B /* LaunchScreen.xib */,
				E90F7F9B1D19A1BF00296D9B /* Supporting Files */,
			);
			path = "Pitch Perfect";
			sourceTree = "<group>";
		};
		E90F7F9B1D19A1BF00296D9B /* Supporting Files */ = {
			isa = PBXGroup;
			children = (
				E90F7F9C1D19A1BF00296D9B /* Info.plist */,
			);
			name = "Supporting Files";
			sourceTree = "<group>";
		};
		E90F7FB01D19A1BF00296D9B /* Pitch PerfectTests */ = {
			isa = PBXGroup;
			children = (
				E90F7FB31D19A1BF00296D9B /* Pitch_PerfectTests.swift */,
				E90F7FB11D19A1BF00296D9B /* Supporting Files */,
			);
			path = "Pitch PerfectTests";
			sourceTree = "<group>";
		};
		E90F7FB11D19A1BF00296D9B /* Supporting Files */ = {
			isa = PBXGroup;
			children = (
				E90F7FB21D19A1BF00296D9B /* Info.plist */,
			);
			name = "Supporting Files";
			sourceTree = "<group>";
		};
/* End PBXGroup section */

/* Begin PBXNativeTarget section */
		E90F7F971D19A1BF00296D9B /* Pitch Perfect */ = {
			isa = PBXNativeTarget;
			buildConfigurationList = E90F7FB71D19A1BF00296D9B /* Build configuration list for PBXNativeTarget "Pitch Perfect" */;
			buildPhases = (
				E90F7F941D19A1BF00296D9B /* Sources */,
				E90F7F951D19A1BF00296D9B /* Frameworks */,
				E90F7F961D19A1BF00296D9B /* Resources */,
			);
			buildRules = (
			);
			dependencies = (
			);
			name = "Pitch Perfect";
			productName = "Pitch Perfect";
			productReference = E90F7F981D19A1BF00296D9B /* Pitch Perfect.app */;
			productType = "com.apple.product-type.application";
		};
		E90F7FAC1D19A1BF00296D9B /* Pitch PerfectTests */ = {
			isa = PBXNativeTarget;
			buildConfigurationList = E90F7FBA1D19A1BF00296D9B /* Build configuration list for PBXNativeTarget "Pitch PerfectTests" */;
			buildPhases = (
				E90F7FA91D19A1BF00296D9B /* Sources */,
				E90F7FAA1D19A1BF00296D9B /* Frameworks */,
				E90F7FAB1D19A1BF00296D9B /* Resources */,
			);
			buildRules = (
			);
			dependencies = (
				E90F7FAF1D19A1BF00296D9B /* PBXTargetDependency */,
			);
			name = "Pitch PerfectTests";
			productName = "Pitch PerfectTests";
			productReference = E90F7FAD1D19A1BF00296D9B /* Pitch PerfectTests.xctest */;
			productType = "com.apple.product-type.bundle.unit-test";
		};
/* End PBXNativeTarget section */

/* Begin PBXProject section */
		E90F7F901D19A1BF00296D9B /* Project object */ = {
			isa = PBXProject;
			attributes = {
				LastSwiftUpdateCheck = 0730;
				LastUpgradeCheck = 0620;
				ORGANIZATIONNAME = Jeanne;
				TargetAttributes = {
					E90F7F971D19A1BF00296D9B = {
						CreatedOnToolsVersion = 6.2;
						DevelopmentTeam = 3U9JU27MFT;
					};
					E90F7FAC1D19A1BF00296D9B = {
						CreatedOnToolsVersion = 6.2;
						TestTargetID = E90F7F971D19A1BF00296D9B;
					};
				};
			};
			buildConfigurationList = E90F7F931D19A1BF00296D9B /* Build configuration list for PBXProject "Pitch Perfect" */;
			compatibilityVersion = "Xcode 3.2";
			developmentRegion = English;
			hasScannedForEncodings = 0;
			knownRegions = (
				en,
				Base,
			);
			mainGroup = E90F7F8F1D19A1BF00296D9B;
			productRefGroup = E90F7F991D19A1BF00296D9B /* Products */;
			projectDirPath = "";
			projectRoot = "";
			targets = (
				E90F7F971D19A1BF00296D9B /* Pitch Perfect */,
				E90F7FAC1D19A1BF00296D9B /* Pitch PerfectTests */,
			);
		};
/* End PBXProject section */

/* Begin PBXResourcesBuildPhase section */
		E90F7F961D19A1BF00296D9B /* Resources */ = {
			isa = PBXResourcesBuildPhase;
			buildActionMask = 2147483647;
			files = (
				E90F7FA31D19A1BF00296D9B /* Main.storyboard in Resources */,
				E90F7FA81D19A1BF00296D9B /* LaunchScreen.xib in Resources */,
				E90F7FA51D19A1BF00296D9B /* Images.xcassets in Resources */,
			);
			runOnlyForDeploymentPostprocessing = 0;
		};
		E90F7FAB1D19A1BF00296D9B /* Resources */ = {
			isa = PBXResourcesBuildPhase;
			buildActionMask = 2147483647;
			files = (
			);
			runOnlyForDeploymentPostprocessing = 0;
		};
/* End PBXResourcesBuildPhase section */

/* Begin PBXSourcesBuildPhase section */
		E90F7F941D19A1BF00296D9B /* Sources */ = {
			isa = PBXSourcesBuildPhase;
			buildActionMask = 2147483647;
			files = (
				E90F7FA01D19A1BF00296D9B /* RecordSoundsViewController.swift in Sources */,
				E99DBF161D1C7DE30094CB59 /* PlaySoundsViewController+Audio.swift in Sources */,
				E9B7E05E1D1C4DC300549113 /* PlaySoundsViewController.swift in Sources */,
				E90F7F9E1D19A1BF00296D9B /* AppDelegate.swift in Sources */,
			);
			runOnlyForDeploymentPostprocessing = 0;
		};
		E90F7FA91D19A1BF00296D9B /* Sources */ = {
			isa = PBXSourcesBuildPhase;
			buildActionMask = 2147483647;
			files = (
				E90F7FB41D19A1BF00296D9B /* Pitch_PerfectTests.swift in Sources */,
			);
			runOnlyForDeploymentPostprocessing = 0;
		};
/* End PBXSourcesBuildPhase section */

/* Begin PBXTargetDependency section */
		E90F7FAF1D19A1BF00296D9B /* PBXTargetDependency */ = {
			isa = PBXTargetDependency;
			target = E90F7F971D19A1BF00296D9B /* Pitch Perfect */;
			targetProxy = E90F7FAE1D19A1BF00296D9B /* PBXContainerItemProxy */;
		};
/* End PBXTargetDependency section */

/* Begin PBXVariantGroup section */
		E90F7FA11D19A1BF00296D9B /* Main.storyboard */ = {
			isa = PBXVariantGroup;
			children = (
				E90F7FA21D19A1BF00296D9B /* Base */,
			);
			name = Main.storyboard;
			sourceTree = "<group>";
		};
		E90F7FA61D19A1BF00296D9B /* LaunchScreen.xib */ = {
			isa = PBXVariantGroup;
			children = (
				E90F7FA71D19A1BF00296D9B /* Base */,
			);
			name = LaunchScreen.xib;
			sourceTree = "<group>";
		};
/* End PBXVariantGroup section */

/* Begin XCBuildConfiguration section */
		E90F7FB51D19A1BF00296D9B /* Debug */ = {
			isa = XCBuildConfiguration;
			buildSettings = {
				ALWAYS_SEARCH_USER_PATHS = NO;
				CLANG_CXX_LANGUAGE_STANDARD = "gnu++0x";
				CLANG_CXX_LIBRARY = "libc++";
				CLANG_ENABLE_MODULES = YES;
				CLANG_ENABLE_OBJC_ARC = YES;
				CLANG_WARN_BOOL_CONVERSION = YES;
				CLANG_WARN_CONSTANT_CONVERSION = YES;
				CLANG_WARN_DIRECT_OBJC_ISA_USAGE = YES_ERROR;
				CLANG_WARN_EMPTY_BODY = YES;
				CLANG_WARN_ENUM_CONVERSION = YES;
				CLANG_WARN_INT_CONVERSION = YES;
				CLANG_WARN_OBJC_ROOT_CLASS = YES_ERROR;
				CLANG_WARN_UNREACHABLE_CODE = YES;
				CLANG_WARN__DUPLICATE_METHOD_MATCH = YES;
				"CODE_SIGN_IDENTITY[sdk=iphoneos*]" = "iPhone Developer";
				COPY_PHASE_STRIP = NO;
				ENABLE_STRICT_OBJC_MSGSEND = YES;
				GCC_C_LANGUAGE_STANDARD = gnu99;
				GCC_DYNAMIC_NO_PIC = NO;
				GCC_OPTIMIZATION_LEVEL = 0;
				GCC_PREPROCESSOR_DEFINITIONS = (
					"DEBUG=1",
					"$(inherited)",
				);
				GCC_SYMBOLS_PRIVATE_EXTERN = NO;
				GCC_WARN_64_TO_32_BIT_CONVERSION = YES;
				GCC_WARN_ABOUT_RETURN_TYPE = YES_ERROR;
				GCC_WARN_UNDECLARED_SELECTOR = YES;
				GCC_WARN_UNINITIALIZED_AUTOS = YES_AGGRESSIVE;
				GCC_WARN_UNUSED_FUNCTION = YES;
				GCC_WARN_UNUSED_VARIABLE = YES;
				IPHONEOS_DEPLOYMENT_TARGET = 9.3;
				MTL_ENABLE_DEBUG_INFO = YES;
				ONLY_ACTIVE_ARCH = YES;
				SDKROOT = iphoneos;
				SWIFT_OPTIMIZATION_LEVEL = "-Onone";
				TARGETED_DEVICE_FAMILY = "1,2";
			};
			name = Debug;
		};
		E90F7FB61D19A1BF00296D9B /* Release */ = {
			isa = XCBuildConfiguration;
			buildSettings = {
				ALWAYS_SEARCH_USER_PATHS = NO;
				CLANG_CXX_LANGUAGE_STANDARD = "gnu++0x";
				CLANG_CXX_LIBRARY = "libc++";
				CLANG_ENABLE_MODULES = YES;
				CLANG_ENABLE_OBJC_ARC = YES;
				CLANG_WARN_BOOL_CONVERSION = YES;
				CLANG_WARN_CONSTANT_CONVERSION = YES;
				CLANG_WARN_DIRECT_OBJC_ISA_USAGE = YES_ERROR;
				CLANG_WARN_EMPTY_BODY = YES;
				CLANG_WARN_ENUM_CONVERSION = YES;
				CLANG_WARN_INT_CONVERSION = YES;
				CLANG_WARN_OBJC_ROOT_CLASS = YES_ERROR;
				CLANG_WARN_UNREACHABLE_CODE = YES;
				CLANG_WARN__DUPLICATE_METHOD_MATCH = YES;
				"CODE_SIGN_IDENTITY[sdk=iphoneos*]" = "iPhone Developer";
				COPY_PHASE_STRIP = NO;
				ENABLE_NS_ASSERTIONS = NO;
				ENABLE_STRICT_OBJC_MSGSEND = YES;
				GCC_C_LANGUAGE_STANDARD = gnu99;
				GCC_WARN_64_TO_32_BIT_CONVERSION = YES;
				GCC_WARN_ABOUT_RETURN_TYPE = YES_ERROR;
				GCC_WARN_UNDECLARED_SELECTOR = YES;
				GCC_WARN_UNINITIALIZED_AUTOS = YES_AGGRESSIVE;
				GCC_WARN_UNUSED_FUNCTION = YES;
				GCC_WARN_UNUSED_VARIABLE = YES;
				IPHONEOS_DEPLOYMENT_TARGET = 9.3;
				MTL_ENABLE_DEBUG_INFO = NO;
				SDKROOT = iphoneos;
				TARGETED_DEVICE_FAMILY = "1,2";
				VALIDATE_PRODUCT = YES;
			};
			name = Release;
		};
		E90F7FB81D19A1BF00296D9B /* Debug */ = {
			isa = XCBuildConfiguration;
			buildSettings = {
				ASSETCATALOG_COMPILER_APPICON_NAME = AppIcon;
				CODE_SIGN_IDENTITY = "iPhone Developer";
				"CODE_SIGN_IDENTITY[sdk=iphoneos*]" = "iPhone Developer";
				INFOPLIST_FILE = "Pitch Perfect/Info.plist";
				LD_RUNPATH_SEARCH_PATHS = "$(inherited) @executable_path/Frameworks";
				PRODUCT_NAME = "$(TARGET_NAME)";
				PROVISIONING_PROFILE = "";
			};
			name = Debug;
		};
		E90F7FB91D19A1BF00296D9B /* Release */ = {
			isa = XCBuildConfiguration;
			buildSettings = {
				ASSETCATALOG_COMPILER_APPICON_NAME = AppIcon;
				CODE_SIGN_IDENTITY = "iPhone Developer";
				"CODE_SIGN_IDENTITY[sdk=iphoneos*]" = "iPhone Developer";
				INFOPLIST_FILE = "Pitch Perfect/Info.plist";
				LD_RUNPATH_SEARCH_PATHS = "$(inherited) @executable_path/Frameworks";
				PRODUCT_NAME = "$(TARGET_NAME)";
				PROVISIONING_PROFILE = "";
			};
			name = Release;
		};
		E90F7FBB1D19A1BF00296D9B /* Debug */ = {
			isa = XCBuildConfiguration;
			buildSettings = {
				BUNDLE_LOADER = "$(TEST_HOST)";
				FRAMEWORK_SEARCH_PATHS = (
					"$(SDKROOT)/Developer/Library/Frameworks",
					"$(inherited)",
				);
				GCC_PREPROCESSOR_DEFINITIONS = (
					"DEBUG=1",
					"$(inherited)",
				);
				INFOPLIST_FILE = "Pitch PerfectTests/Info.plist";
				LD_RUNPATH_SEARCH_PATHS = "$(inherited) @executable_path/Frameworks @loader_path/Frameworks";
				PRODUCT_NAME = "$(TARGET_NAME)";
				TEST_HOST = "$(BUILT_PRODUCTS_DIR)/Pitch Perfect.app/Pitch Perfect";
			};
			name = Debug;
		};
		E90F7FBC1D19A1BF00296D9B /* Release */ = {
			isa = XCBuildConfiguration;
			buildSettings = {
				BUNDLE_LOADER = "$(TEST_HOST)";
				FRAMEWORK_SEARCH_PATHS = (
					"$(SDKROOT)/Developer/Library/Frameworks",
					"$(inherited)",
				);
				INFOPLIST_FILE = "Pitch PerfectTests/Info.plist";
				LD_RUNPATH_SEARCH_PATHS = "$(inherited) @executable_path/Frameworks @loader_path/Frameworks";
				PRODUCT_NAME = "$(TARGET_NAME)";
				TEST_HOST = "$(BUILT_PRODUCTS_DIR)/Pitch Perfect.app/Pitch Perfect";
			};
			name = Release;
		};
/* End XCBuildConfiguration section */

/* Begin XCConfigurationList section */
		E90F7F931D19A1BF00296D9B /* Build configuration list for PBXProject "Pitch Perfect" */ = {
			isa = XCConfigurationList;
			buildConfigurations = (
				E90F7FB51D19A1BF00296D9B /* Debug */,
				E90F7FB61D19A1BF00296D9B /* Release */,
			);
			defaultConfigurationIsVisible = 0;
			defaultConfigurationName = Release;
		};
		E90F7FB71D19A1BF00296D9B /* Build configuration list for PBXNativeTarget "Pitch Perfect" */ = {
			isa = XCConfigurationList;
			buildConfigurations = (
				E90F7FB81D19A1BF00296D9B /* Debug */,
				E90F7FB91D19A1BF00296D9B /* Release */,
			);
			defaultConfigurationIsVisible = 0;
			defaultConfigurationName = Release;
		};
		E90F7FBA1D19A1BF00296D9B /* Build configuration list for PBXNativeTarget "Pitch PerfectTests" */ = {
			isa = XCConfigurationList;
			buildConfigurations = (
				E90F7FBB1D19A1BF00296D9B /* Debug */,
				E90F7FBC1D19A1BF00296D9B /* Release */,
			);
			defaultConfigurationIsVisible = 0;
			defaultConfigurationName = Release;
		};
/* End XCConfigurationList section */
	};
	rootObject = E90F7F901D19A1BF00296D9B /* Project object */;
}
